{
  "requires": true,
  "lockfileVersion": 1,
  "dependencies": {
    "@taku-o/myukkurivoice-vendor": {
      "version": "0.12.4",
      "resolved": "https://npm.pkg.github.com/download/@taku-o/myukkurivoice-vendor/0.12.4/7d85c122143c97fd0e2f56ba971dff8b7c216d747c37c42e72c46e7db2f629f0",
      "integrity": "sha512-ywwsG6YTw3TsdYrNdtBL1TU59xQlMvqaoGykESpb/odwXQEO2B3mn4X3YW0d4uslAoRcvFUul7mjrgmNH7ZkIg=="
    }
  }
}
